
Microsoft Visual Studio Solution File, Format Version 12.00
# Visual Studio Version 17
VisualStudioVersion = 17.3.32825.248
MinimumVisualStudioVersion = 10.0.40219.1
Project("{FAE04EC0-301F-11D3-BF4B-00C04F79EFBC}") = "kółko kżyrzyk", "kółko kżyrzyk\kółko kżyrzyk.csproj", "{126A822B-B15D-4826-9DA7-A590588029CF}"
EndProject
Global
	GlobalSection(SolutionConfigurationPlatforms) = preSolution
		Debug|Any CPU = Debug|Any CPU
		Release|Any CPU = Release|Any CPU
	EndGlobalSection
	GlobalSection(ProjectConfigurationPlatforms) = postSolution
		{126A822B-B15D-4826-9DA7-A590588029CF}.Debug|Any CPU.ActiveCfg = Debug|Any CPU
		{126A822B-B15D-4826-9DA7-A590588029CF}.Debug|Any CPU.Build.0 = Debug|Any CPU
		{126A822B-B15D-4826-9DA7-A590588029CF}.Release|Any CPU.ActiveCfg = Release|Any CPU
		{126A822B-B15D-4826-9DA7-A590588029CF}.Release|Any CPU.Build.0 = Release|Any CPU
	EndGlobalSection
	GlobalSection(SolutionProperties) = preSolution
		HideSolutionNode = FALSE
	EndGlobalSection
	GlobalSection(ExtensibilityGlobals) = postSolution
		SolutionGuid = {87ECB394-65B7-4576-952E-5FD5514E8C85}
	EndGlobalSection
EndGlobal
